
Microsoft Visual Studio Solution File, Format Version 12.00
# Visual Studio 14
VisualStudioVersion = 14.0.23107.0
MinimumVisualStudioVersion = 10.0.40219.1
Project("{FAE04EC0-301F-11D3-BF4B-00C04F79EFBC}") = "Map", "Map\Map.csproj", "{AA69CBA7-3ECE-418E-BA96-1A9EB3B0E677}"
EndProject
Project("{FAE04EC0-301F-11D3-BF4B-00C04F79EFBC}") = "Map.Tests", "Map.Tests\Map.Tests.csproj", "{2CF494E6-B588-4429-9BA4-B2EA8F63C0E7}"
EndProject
Global
	GlobalSection(SolutionConfigurationPlatforms) = preSolution
		Debug|Any CPU = Debug|Any CPU
		Release|Any CPU = Release|Any CPU
	EndGlobalSection
	GlobalSection(ProjectConfigurationPlatforms) = postSolution
		{AA69CBA7-3ECE-418E-BA96-1A9EB3B0E677}.Debug|Any CPU.ActiveCfg = Debug|Any CPU
		{AA69CBA7-3ECE-418E-BA96-1A9EB3B0E677}.Debug|Any CPU.Build.0 = Debug|Any CPU
		{AA69CBA7-3ECE-418E-BA96-1A9EB3B0E677}.Release|Any CPU.ActiveCfg = Release|Any CPU
		{AA69CBA7-3ECE-418E-BA96-1A9EB3B0E677}.Release|Any CPU.Build.0 = Release|Any CPU
		{2CF494E6-B588-4429-9BA4-B2EA8F63C0E7}.Debug|Any CPU.ActiveCfg = Debug|Any CPU
		{2CF494E6-B588-4429-9BA4-B2EA8F63C0E7}.Debug|Any CPU.Build.0 = Debug|Any CPU
		{2CF494E6-B588-4429-9BA4-B2EA8F63C0E7}.Release|Any CPU.ActiveCfg = Release|Any CPU
		{2CF494E6-B588-4429-9BA4-B2EA8F63C0E7}.Release|Any CPU.Build.0 = Release|Any CPU
	EndGlobalSection
	GlobalSection(SolutionProperties) = preSolution
		HideSolutionNode = FALSE
	EndGlobalSection
EndGlobal
