
Microsoft Visual Studio Solution File, Format Version 12.00
# Visual Studio 14
VisualStudioVersion = 14.0.25420.1
MinimumVisualStudioVersion = 10.0.40219.1
Project("{FAE04EC0-301F-11D3-BF4B-00C04F79EFBC}") = "ModelOfLAN", "ModelOfLAN\ModelOfLAN.csproj", "{E8954B62-5B0F-4D2B-AFFC-0C7237B6FE1B}"
EndProject
Project("{FAE04EC0-301F-11D3-BF4B-00C04F79EFBC}") = "ModelOfLAN.Tests", "ModelOfLAN.Tests\ModelOfLAN.Tests.csproj", "{61F8C405-FA3B-42D3-ABD7-8E8E85F1B064}"
EndProject
Global
	GlobalSection(SolutionConfigurationPlatforms) = preSolution
		Debug|Any CPU = Debug|Any CPU
		Release|Any CPU = Release|Any CPU
	EndGlobalSection
	GlobalSection(ProjectConfigurationPlatforms) = postSolution
		{E8954B62-5B0F-4D2B-AFFC-0C7237B6FE1B}.Debug|Any CPU.ActiveCfg = Debug|Any CPU
		{E8954B62-5B0F-4D2B-AFFC-0C7237B6FE1B}.Debug|Any CPU.Build.0 = Debug|Any CPU
		{E8954B62-5B0F-4D2B-AFFC-0C7237B6FE1B}.Release|Any CPU.ActiveCfg = Release|Any CPU
		{E8954B62-5B0F-4D2B-AFFC-0C7237B6FE1B}.Release|Any CPU.Build.0 = Release|Any CPU
		{61F8C405-FA3B-42D3-ABD7-8E8E85F1B064}.Debug|Any CPU.ActiveCfg = Debug|Any CPU
		{61F8C405-FA3B-42D3-ABD7-8E8E85F1B064}.Debug|Any CPU.Build.0 = Debug|Any CPU
		{61F8C405-FA3B-42D3-ABD7-8E8E85F1B064}.Release|Any CPU.ActiveCfg = Release|Any CPU
		{61F8C405-FA3B-42D3-ABD7-8E8E85F1B064}.Release|Any CPU.Build.0 = Release|Any CPU
	EndGlobalSection
	GlobalSection(SolutionProperties) = preSolution
		HideSolutionNode = FALSE
	EndGlobalSection
EndGlobal
